
Microsoft Visual Studio Solution File, Format Version 10.00
# Visual Studio 2008
Project("{8BC9CEB8-8B4A-11D0-8D11-00A0C91BC942}") = "FahProxy", "FahProxy\FahProxy.vcproj", "{5066ED83-0D33-4799-8940-14A23995130A}"
EndProject
Global
	GlobalSection(SolutionConfigurationPlatforms) = preSolution
		Debug|Win32 = Debug|Win32
		Release|Win32 = Release|Win32
	EndGlobalSection
	GlobalSection(ProjectConfigurationPlatforms) = postSolution
		{5066ED83-0D33-4799-8940-14A23995130A}.Debug|Win32.ActiveCfg = Debug|Win32
		{5066ED83-0D33-4799-8940-14A23995130A}.Debug|Win32.Build.0 = Debug|Win32
		{5066ED83-0D33-4799-8940-14A23995130A}.Release|Win32.ActiveCfg = Release|Win32
		{5066ED83-0D33-4799-8940-14A23995130A}.Release|Win32.Build.0 = Release|Win32
	EndGlobalSection
	GlobalSection(SolutionProperties) = preSolution
		HideSolutionNode = FALSE
	EndGlobalSection
EndGlobal
